
Microsoft Visual Studio Solution File, Format Version 12.00
Project("{FAE04EC0-301F-11D3-BF4B-00C04F79EFBC}") = "DB", "DB\DB.csproj", "{A27B7FC4-B881-4A95-912F-24DF18CA5933}"
EndProject
Global
	GlobalSection(SolutionConfigurationPlatforms) = preSolution
		Debug|Any CPU = Debug|Any CPU
		Release|Any CPU = Release|Any CPU
	EndGlobalSection
	GlobalSection(ProjectConfigurationPlatforms) = postSolution
		{A27B7FC4-B881-4A95-912F-24DF18CA5933}.Debug|Any CPU.ActiveCfg = Debug|Any CPU
		{A27B7FC4-B881-4A95-912F-24DF18CA5933}.Debug|Any CPU.Build.0 = Debug|Any CPU
		{A27B7FC4-B881-4A95-912F-24DF18CA5933}.Release|Any CPU.ActiveCfg = Release|Any CPU
		{A27B7FC4-B881-4A95-912F-24DF18CA5933}.Release|Any CPU.Build.0 = Release|Any CPU
	EndGlobalSection
EndGlobal
